
Microsoft Visual Studio Solution File, Format Version 12.00
# Visual Studio 15
VisualStudioVersion = 15.0.28307.645
MinimumVisualStudioVersion = 10.0.40219.1
Project("{FAE04EC0-301F-11D3-BF4B-00C04F79EFBC}") = "Dapper.Console", "Dapper.Console\Dapper.Console.csproj", "{53EEEEC3-C1E0-43F1-AB5B-BB31272544E5}"
EndProject
Project("{FAE04EC0-301F-11D3-BF4B-00C04F79EFBC}") = "Dapper.DataAccess", "..\Dapper.DataAccess\Dapper.DataAccess.csproj", "{EAA3512F-3C82-4DDE-8E50-FF8695F456EC}"
EndProject
Project("{FAE04EC0-301F-11D3-BF4B-00C04F79EFBC}") = "Dapper.Service", "..\Dapper.Service\Dapper.Service.csproj", "{0B4A7136-8A9E-4945-84EB-F11FA453092D}"
EndProject
Global
	GlobalSection(SolutionConfigurationPlatforms) = preSolution
		Debug|Any CPU = Debug|Any CPU
		Release|Any CPU = Release|Any CPU
	EndGlobalSection
	GlobalSection(ProjectConfigurationPlatforms) = postSolution
		{53EEEEC3-C1E0-43F1-AB5B-BB31272544E5}.Debug|Any CPU.ActiveCfg = Debug|Any CPU
		{53EEEEC3-C1E0-43F1-AB5B-BB31272544E5}.Debug|Any CPU.Build.0 = Debug|Any CPU
		{53EEEEC3-C1E0-43F1-AB5B-BB31272544E5}.Release|Any CPU.ActiveCfg = Release|Any CPU
		{53EEEEC3-C1E0-43F1-AB5B-BB31272544E5}.Release|Any CPU.Build.0 = Release|Any CPU
		{EAA3512F-3C82-4DDE-8E50-FF8695F456EC}.Debug|Any CPU.ActiveCfg = Debug|Any CPU
		{EAA3512F-3C82-4DDE-8E50-FF8695F456EC}.Debug|Any CPU.Build.0 = Debug|Any CPU
		{EAA3512F-3C82-4DDE-8E50-FF8695F456EC}.Release|Any CPU.ActiveCfg = Release|Any CPU
		{EAA3512F-3C82-4DDE-8E50-FF8695F456EC}.Release|Any CPU.Build.0 = Release|Any CPU
		{0B4A7136-8A9E-4945-84EB-F11FA453092D}.Debug|Any CPU.ActiveCfg = Debug|Any CPU
		{0B4A7136-8A9E-4945-84EB-F11FA453092D}.Debug|Any CPU.Build.0 = Debug|Any CPU
		{0B4A7136-8A9E-4945-84EB-F11FA453092D}.Release|Any CPU.ActiveCfg = Release|Any CPU
		{0B4A7136-8A9E-4945-84EB-F11FA453092D}.Release|Any CPU.Build.0 = Release|Any CPU
	EndGlobalSection
	GlobalSection(SolutionProperties) = preSolution
		HideSolutionNode = FALSE
	EndGlobalSection
	GlobalSection(ExtensibilityGlobals) = postSolution
		SolutionGuid = {C2C7145F-A25C-4111-A2AC-5445DA6193AC}
	EndGlobalSection
EndGlobal
